
Microsoft Visual Studio Solution File, Format Version 11.00
# Visual Studio 2010
Project("{F184B08F-C81C-45F6-A57F-5ABD9991F28F}") = "Pension", "Pension\Pension.vbproj", "{0C6530A8-6CD7-4A61-AFCA-4EA2071E35E6}"
EndProject
Global
	GlobalSection(SolutionConfigurationPlatforms) = preSolution
		Debug|x86 = Debug|x86
		Release|x86 = Release|x86
	EndGlobalSection
	GlobalSection(ProjectConfigurationPlatforms) = postSolution
		{0C6530A8-6CD7-4A61-AFCA-4EA2071E35E6}.Debug|x86.ActiveCfg = Debug|x86
		{0C6530A8-6CD7-4A61-AFCA-4EA2071E35E6}.Debug|x86.Build.0 = Debug|x86
		{0C6530A8-6CD7-4A61-AFCA-4EA2071E35E6}.Release|x86.ActiveCfg = Release|x86
		{0C6530A8-6CD7-4A61-AFCA-4EA2071E35E6}.Release|x86.Build.0 = Release|x86
	EndGlobalSection
	GlobalSection(SolutionProperties) = preSolution
		HideSolutionNode = FALSE
	EndGlobalSection
EndGlobal
